{
  "version": 4,
  "terraform_version": "1.9.5",
  "serial": 86,
  "lineage": "ce34cb8e-641a-9a45-8af1-e109932dd863",
  "outputs": {},
  "resources": [
    {
      "mode": "managed",
      "type": "azurerm_resource_group",
      "name": "rg-website",
      "provider": "provider[\"registry.terraform.io/hashicorp/azurerm\"]",
      "instances": [
        {
          "schema_version": 0,
          "attributes": {
            "id": "/subscriptions/7c064ed9-c59f-4935-938b-f1a654d088a7/resourceGroups/rg-web-hs",
            "location": "westeurope",
            "managed_by": "",
            "name": "rg-web-hs",
            "tags": null,
            "timeouts": null
          },
          "sensitive_attributes": [],
          "private": "eyJlMmJmYjczMC1lY2FhLTExZTYtOGY4OC0zNDM2M2JjN2M0YzAiOnsiY3JlYXRlIjo1NDAwMDAwMDAwMDAwLCJkZWxldGUiOjU0MDAwMDAwMDAwMDAsInJlYWQiOjMwMDAwMDAwMDAwMCwidXBkYXRlIjo1NDAwMDAwMDAwMDAwfX0="
        }
      ]
    },
    {
      "mode": "managed",
      "type": "random_string",
      "name": "random_string",
      "provider": "provider[\"registry.terraform.io/hashicorp/random\"]",
      "instances": [
        {
          "schema_version": 2,
          "attributes": {
            "id": "ytbv1yie0j",
            "keepers": null,
            "length": 10,
            "lower": true,
            "min_lower": 0,
            "min_numeric": 0,
            "min_special": 0,
            "min_upper": 0,
            "number": true,
            "numeric": true,
            "override_special": null,
            "result": "ytbv1yie0j",
            "special": false,
            "upper": false
          },
          "sensitive_attributes": []
        }
      ]
    },
    {
      "module": "module.app-service",
      "mode": "managed",
      "type": "azurerm_service_plan",
      "name": "azurerm_service_plan",
      "provider": "module.app-service.provider[\"registry.terraform.io/hashicorp/azurerm\"]",
      "instances": [
        {
          "schema_version": 1,
          "attributes": {
            "app_service_environment_id": "",
            "id": "/subscriptions/7c064ed9-c59f-4935-938b-f1a654d088a7/resourceGroups/rg-web-hs/providers/Microsoft.Web/serverFarms/service-plan-pgjyazmccp",
            "kind": "linux",
            "location": "westeurope",
            "maximum_elastic_worker_count": 1,
            "name": "service-plan-pgjyazmccp",
            "os_type": "Linux",
            "per_site_scaling_enabled": false,
            "reserved": true,
            "resource_group_name": "rg-web-hs",
            "sku_name": "P1v2",
            "tags": null,
            "timeouts": null,
            "worker_count": 1,
            "zone_balancing_enabled": false
          },
          "sensitive_attributes": [],
          "private": "eyJlMmJmYjczMC1lY2FhLTExZTYtOGY4OC0zNDM2M2JjN2M0YzAiOnsiY3JlYXRlIjozNjAwMDAwMDAwMDAwLCJkZWxldGUiOjM2MDAwMDAwMDAwMDAsInJlYWQiOjMwMDAwMDAwMDAwMCwidXBkYXRlIjozNjAwMDAwMDAwMDAwfSwic2NoZW1hX3ZlcnNpb24iOiIxIn0=",
          "dependencies": [
            "azurerm_resource_group.rg-website",
            "module.app-service.random_string.random_string"
          ]
        }
      ]
    },
    {
      "module": "module.app-service",
      "mode": "managed",
      "type": "random_string",
      "name": "random_string",
      "provider": "module.app-service.provider[\"registry.terraform.io/hashicorp/random\"]",
      "instances": [
        {
          "schema_version": 2,
          "attributes": {
            "id": "pgjyazmccp",
            "keepers": null,
            "length": 10,
            "lower": true,
            "min_lower": 0,
            "min_numeric": 0,
            "min_special": 0,
            "min_upper": 0,
            "number": true,
            "numeric": true,
            "override_special": null,
            "result": "pgjyazmccp",
            "special": false,
            "upper": false
          },
          "sensitive_attributes": []
        }
      ]
    },
    {
      "module": "module.lb",
      "mode": "managed",
      "type": "azurerm_lb",
      "name": "azurerm_lb",
      "provider": "module.lb.provider[\"registry.terraform.io/hashicorp/azurerm\"]",
      "instances": [
        {
          "schema_version": 0,
          "attributes": {
            "edge_zone": "",
            "frontend_ip_configuration": [
              {
                "gateway_load_balancer_frontend_ip_configuration_id": "",
                "id": "/subscriptions/7c064ed9-c59f-4935-938b-f1a654d088a7/resourceGroups/rg-web-hs/providers/Microsoft.Network/loadBalancers/lb-oazwpq0gax/frontendIPConfigurations/frontend-ip-oazwpq0gax",
                "inbound_nat_rules": [],
                "load_balancer_rules": [],
                "name": "frontend-ip-oazwpq0gax",
                "outbound_rules": [],
                "private_ip_address": "10.0.1.4",
                "private_ip_address_allocation": "Dynamic",
                "private_ip_address_version": "IPv4",
                "public_ip_address_id": "",
                "public_ip_prefix_id": "",
                "subnet_id": "/subscriptions/7c064ed9-c59f-4935-938b-f1a654d088a7/resourceGroups/rg-web-hs/providers/Microsoft.Network/virtualNetworks/network-idcaho99ra8k/subnets/subnet-caho99ra8k",
                "zones": null
              }
            ],
            "id": "/subscriptions/7c064ed9-c59f-4935-938b-f1a654d088a7/resourceGroups/rg-web-hs/providers/Microsoft.Network/loadBalancers/lb-oazwpq0gax",
            "location": "westeurope",
            "name": "lb-oazwpq0gax",
            "private_ip_address": "10.0.1.4",
            "private_ip_addresses": [
              "10.0.1.4"
            ],
            "resource_group_name": "rg-web-hs",
            "sku": "Standard",
            "sku_tier": "Regional",
            "tags": null,
            "timeouts": null
          },
          "sensitive_attributes": [],
          "private": "eyJlMmJmYjczMC1lY2FhLTExZTYtOGY4OC0zNDM2M2JjN2M0YzAiOnsiY3JlYXRlIjoxODAwMDAwMDAwMDAwLCJkZWxldGUiOjE4MDAwMDAwMDAwMDAsInJlYWQiOjMwMDAwMDAwMDAwMCwidXBkYXRlIjoxODAwMDAwMDAwMDAwfX0=",
          "dependencies": [
            "azurerm_resource_group.rg-website",
            "module.lb.random_string.random_string",
            "module.networking.azurerm_subnet.subnet",
            "module.networking.azurerm_virtual_network.azurerm_virtual_network",
            "module.networking.random_string.random_string"
          ]
        }
      ]
    },
    {
      "module": "module.lb",
      "mode": "managed",
      "type": "random_string",
      "name": "random_string",
      "provider": "module.lb.provider[\"registry.terraform.io/hashicorp/random\"]",
      "instances": [
        {
          "schema_version": 2,
          "attributes": {
            "id": "oazwpq0gax",
            "keepers": null,
            "length": 10,
            "lower": true,
            "min_lower": 0,
            "min_numeric": 0,
            "min_special": 0,
            "min_upper": 0,
            "number": true,
            "numeric": true,
            "override_special": null,
            "result": "oazwpq0gax",
            "special": false,
            "upper": false
          },
          "sensitive_attributes": []
        }
      ]
    },
    {
      "module": "module.networking",
      "mode": "managed",
      "type": "azurerm_network_security_group",
      "name": "azurerm_network_security_group",
      "provider": "module.networking.provider[\"registry.terraform.io/hashicorp/azurerm\"]",
      "instances": [
        {
          "schema_version": 0,
          "attributes": {
            "id": "/subscriptions/7c064ed9-c59f-4935-938b-f1a654d088a7/resourceGroups/rg-web-hs/providers/Microsoft.Network/networkSecurityGroups/network-idcaho99ra8k",
            "location": "westeurope",
            "name": "network-idcaho99ra8k",
            "resource_group_name": "rg-web-hs",
            "security_rule": [],
            "tags": null,
            "timeouts": null
          },
          "sensitive_attributes": [],
          "private": "eyJlMmJmYjczMC1lY2FhLTExZTYtOGY4OC0zNDM2M2JjN2M0YzAiOnsiY3JlYXRlIjoxODAwMDAwMDAwMDAwLCJkZWxldGUiOjE4MDAwMDAwMDAwMDAsInJlYWQiOjMwMDAwMDAwMDAwMCwidXBkYXRlIjoxODAwMDAwMDAwMDAwfX0=",
          "dependencies": [
            "azurerm_resource_group.rg-website",
            "module.networking.random_string.random_string"
          ]
        }
      ]
    },
    {
      "module": "module.networking",
      "mode": "managed",
      "type": "azurerm_subnet",
      "name": "subnet",
      "provider": "module.networking.provider[\"registry.terraform.io/hashicorp/azurerm\"]",
      "instances": [
        {
          "schema_version": 0,
          "attributes": {
            "address_prefixes": [
              "10.0.1.0/24"
            ],
            "default_outbound_access_enabled": true,
            "delegation": [],
            "id": "/subscriptions/7c064ed9-c59f-4935-938b-f1a654d088a7/resourceGroups/rg-web-hs/providers/Microsoft.Network/virtualNetworks/network-idcaho99ra8k/subnets/subnet-caho99ra8k",
            "name": "subnet-caho99ra8k",
            "private_endpoint_network_policies": "Disabled",
            "private_link_service_network_policies_enabled": true,
            "resource_group_name": "rg-web-hs",
            "service_endpoint_policy_ids": null,
            "service_endpoints": null,
            "timeouts": null,
            "virtual_network_name": "network-idcaho99ra8k"
          },
          "sensitive_attributes": [],
          "private": "eyJlMmJmYjczMC1lY2FhLTExZTYtOGY4OC0zNDM2M2JjN2M0YzAiOnsiY3JlYXRlIjoxODAwMDAwMDAwMDAwLCJkZWxldGUiOjE4MDAwMDAwMDAwMDAsInJlYWQiOjMwMDAwMDAwMDAwMCwidXBkYXRlIjoxODAwMDAwMDAwMDAwfX0=",
          "dependencies": [
            "azurerm_resource_group.rg-website",
            "module.networking.azurerm_virtual_network.azurerm_virtual_network",
            "module.networking.random_string.random_string"
          ]
        }
      ]
    },
    {
      "module": "module.networking",
      "mode": "managed",
      "type": "azurerm_virtual_network",
      "name": "azurerm_virtual_network",
      "provider": "module.networking.provider[\"registry.terraform.io/hashicorp/azurerm\"]",
      "instances": [
        {
          "schema_version": 0,
          "attributes": {
            "address_space": [
              "10.0.0.0/16"
            ],
            "bgp_community": "",
            "ddos_protection_plan": [],
            "dns_servers": [
              "10.0.0.4",
              "10.0.0.5"
            ],
            "edge_zone": "",
            "encryption": [],
            "flow_timeout_in_minutes": 0,
            "guid": "1c0dc7c4-6752-4fa3-95ba-acca22dc9a79",
            "id": "/subscriptions/7c064ed9-c59f-4935-938b-f1a654d088a7/resourceGroups/rg-web-hs/providers/Microsoft.Network/virtualNetworks/network-idcaho99ra8k",
            "location": "westeurope",
            "name": "network-idcaho99ra8k",
            "resource_group_name": "rg-web-hs",
            "subnet": [],
            "tags": null,
            "timeouts": null
          },
          "sensitive_attributes": [],
          "private": "eyJlMmJmYjczMC1lY2FhLTExZTYtOGY4OC0zNDM2M2JjN2M0YzAiOnsiY3JlYXRlIjoxODAwMDAwMDAwMDAwLCJkZWxldGUiOjE4MDAwMDAwMDAwMDAsInJlYWQiOjMwMDAwMDAwMDAwMCwidXBkYXRlIjoxODAwMDAwMDAwMDAwfX0=",
          "dependencies": [
            "azurerm_resource_group.rg-website",
            "module.networking.random_string.random_string"
          ]
        }
      ]
    },
    {
      "module": "module.networking",
      "mode": "managed",
      "type": "random_string",
      "name": "random_string",
      "provider": "module.networking.provider[\"registry.terraform.io/hashicorp/random\"]",
      "instances": [
        {
          "schema_version": 2,
          "attributes": {
            "id": "caho99ra8k",
            "keepers": null,
            "length": 10,
            "lower": true,
            "min_lower": 0,
            "min_numeric": 0,
            "min_special": 0,
            "min_upper": 0,
            "number": true,
            "numeric": true,
            "override_special": null,
            "result": "caho99ra8k",
            "special": false,
            "upper": false
          },
          "sensitive_attributes": []
        }
      ]
    },
    {
      "module": "module.storage",
      "mode": "managed",
      "type": "azurerm_storage_account",
      "name": "azurerm_storage_account",
      "provider": "module.storage.provider[\"registry.terraform.io/hashicorp/azurerm\"]",
      "instances": [
        {
          "schema_version": 4,
          "attributes": {
            "access_tier": "Hot",
            "account_kind": "StorageV2",
            "account_replication_type": "LRS",
            "account_tier": "Standard",
            "allow_nested_items_to_be_public": true,
            "allowed_copy_scope": "",
            "azure_files_authentication": [],
            "blob_properties": [
              {
                "change_feed_enabled": false,
                "change_feed_retention_in_days": 0,
                "container_delete_retention_policy": [],
                "cors_rule": [],
                "default_service_version": "",
                "delete_retention_policy": [],
                "last_access_time_enabled": false,
                "restore_policy": [],
                "versioning_enabled": false
              }
            ],
            "cross_tenant_replication_enabled": false,
            "custom_domain": [],
            "customer_managed_key": [],
            "default_to_oauth_authentication": false,
            "dns_endpoint_type": "Standard",
            "edge_zone": "",
            "https_traffic_only_enabled": true,
            "id": "/subscriptions/7c064ed9-c59f-4935-938b-f1a654d088a7/resourceGroups/rg-web-hs/providers/Microsoft.Storage/storageAccounts/storageaccurul07du7s",
            "identity": [],
            "immutability_policy": [],
            "infrastructure_encryption_enabled": false,
            "is_hns_enabled": false,
            "large_file_share_enabled": false,
            "local_user_enabled": true,
            "location": "westeurope",
            "min_tls_version": "TLS1_2",
            "name": "storageaccurul07du7s",
            "network_rules": [],
            "nfsv3_enabled": false,
            "primary_access_key": "Tv9a9o3hUWsmj3VCO2iaRtmerOyQ5f20UijDRE3R22ywGqcG3pY5HcNJlWeygyo5CAjPaSBo7MLQ+AStS9tp/g==",
            "primary_blob_connection_string": "DefaultEndpointsProtocol=https;BlobEndpoint=https://storageaccurul07du7s.blob.core.windows.net/;AccountName=storageaccurul07du7s;AccountKey=Tv9a9o3hUWsmj3VCO2iaRtmerOyQ5f20UijDRE3R22ywGqcG3pY5HcNJlWeygyo5CAjPaSBo7MLQ+AStS9tp/g==",
            "primary_blob_endpoint": "https://storageaccurul07du7s.blob.core.windows.net/",
            "primary_blob_host": "storageaccurul07du7s.blob.core.windows.net",
            "primary_blob_internet_endpoint": "",
            "primary_blob_internet_host": "",
            "primary_blob_microsoft_endpoint": "",
            "primary_blob_microsoft_host": "",
            "primary_connection_string": "DefaultEndpointsProtocol=https;AccountName=storageaccurul07du7s;AccountKey=Tv9a9o3hUWsmj3VCO2iaRtmerOyQ5f20UijDRE3R22ywGqcG3pY5HcNJlWeygyo5CAjPaSBo7MLQ+AStS9tp/g==;EndpointSuffix=core.windows.net",
            "primary_dfs_endpoint": "https://storageaccurul07du7s.dfs.core.windows.net/",
            "primary_dfs_host": "storageaccurul07du7s.dfs.core.windows.net",
            "primary_dfs_internet_endpoint": "",
            "primary_dfs_internet_host": "",
            "primary_dfs_microsoft_endpoint": "",
            "primary_dfs_microsoft_host": "",
            "primary_file_endpoint": "https://storageaccurul07du7s.file.core.windows.net/",
            "primary_file_host": "storageaccurul07du7s.file.core.windows.net",
            "primary_file_internet_endpoint": "",
            "primary_file_internet_host": "",
            "primary_file_microsoft_endpoint": "",
            "primary_file_microsoft_host": "",
            "primary_location": "westeurope",
            "primary_queue_endpoint": "https://storageaccurul07du7s.queue.core.windows.net/",
            "primary_queue_host": "storageaccurul07du7s.queue.core.windows.net",
            "primary_queue_microsoft_endpoint": "",
            "primary_queue_microsoft_host": "",
            "primary_table_endpoint": "https://storageaccurul07du7s.table.core.windows.net/",
            "primary_table_host": "storageaccurul07du7s.table.core.windows.net",
            "primary_table_microsoft_endpoint": "",
            "primary_table_microsoft_host": "",
            "primary_web_endpoint": "https://storageaccurul07du7s.z6.web.core.windows.net/",
            "primary_web_host": "storageaccurul07du7s.z6.web.core.windows.net",
            "primary_web_internet_endpoint": "",
            "primary_web_internet_host": "",
            "primary_web_microsoft_endpoint": "",
            "primary_web_microsoft_host": "",
            "public_network_access_enabled": true,
            "queue_encryption_key_type": "Service",
            "queue_properties": [
              {
                "cors_rule": [],
                "hour_metrics": [
                  {
                    "enabled": true,
                    "include_apis": true,
                    "retention_policy_days": 7,
                    "version": "1.0"
                  }
                ],
                "logging": [
                  {
                    "delete": false,
                    "read": false,
                    "retention_policy_days": 0,
                    "version": "1.0",
                    "write": false
                  }
                ],
                "minute_metrics": [
                  {
                    "enabled": false,
                    "include_apis": false,
                    "retention_policy_days": 0,
                    "version": "1.0"
                  }
                ]
              }
            ],
            "resource_group_name": "rg-web-hs",
            "routing": [],
            "sas_policy": [],
            "secondary_access_key": "9CDxOVFFohuw4MY6VPTTonCr6FYAZWCXfPif1aU1M3FYcnWbkdFbkElacb2f/FMEVtHWPRZ9AxnD+AStkLssAw==",
            "secondary_blob_connection_string": "",
            "secondary_blob_endpoint": "",
            "secondary_blob_host": "",
            "secondary_blob_internet_endpoint": "",
            "secondary_blob_internet_host": "",
            "secondary_blob_microsoft_endpoint": "",
            "secondary_blob_microsoft_host": "",
            "secondary_connection_string": "DefaultEndpointsProtocol=https;AccountName=storageaccurul07du7s;AccountKey=9CDxOVFFohuw4MY6VPTTonCr6FYAZWCXfPif1aU1M3FYcnWbkdFbkElacb2f/FMEVtHWPRZ9AxnD+AStkLssAw==;EndpointSuffix=core.windows.net",
            "secondary_dfs_endpoint": "",
            "secondary_dfs_host": "",
            "secondary_dfs_internet_endpoint": "",
            "secondary_dfs_internet_host": "",
            "secondary_dfs_microsoft_endpoint": "",
            "secondary_dfs_microsoft_host": "",
            "secondary_file_endpoint": "",
            "secondary_file_host": "",
            "secondary_file_internet_endpoint": "",
            "secondary_file_internet_host": "",
            "secondary_file_microsoft_endpoint": "",
            "secondary_file_microsoft_host": "",
            "secondary_location": "",
            "secondary_queue_endpoint": "",
            "secondary_queue_host": "",
            "secondary_queue_microsoft_endpoint": "",
            "secondary_queue_microsoft_host": "",
            "secondary_table_endpoint": "",
            "secondary_table_host": "",
            "secondary_table_microsoft_endpoint": "",
            "secondary_table_microsoft_host": "",
            "secondary_web_endpoint": "",
            "secondary_web_host": "",
            "secondary_web_internet_endpoint": "",
            "secondary_web_internet_host": "",
            "secondary_web_microsoft_endpoint": "",
            "secondary_web_microsoft_host": "",
            "sftp_enabled": false,
            "share_properties": [
              {
                "cors_rule": [],
                "retention_policy": [
                  {
                    "days": 7
                  }
                ],
                "smb": []
              }
            ],
            "shared_access_key_enabled": true,
            "static_website": [
              {
                "error_404_document": "",
                "index_document": "\u003ch1\u003eTerraform\u003ch1\u003e"
              }
            ],
            "table_encryption_key_type": "Service",
            "tags": null,
            "timeouts": null
          },
          "sensitive_attributes": [
            [
              {
                "type": "get_attr",
                "value": "primary_blob_connection_string"
              }
            ],
            [
              {
                "type": "get_attr",
                "value": "primary_connection_string"
              }
            ],
            [
              {
                "type": "get_attr",
                "value": "secondary_connection_string"
              }
            ],
            [
              {
                "type": "get_attr",
                "value": "secondary_blob_connection_string"
              }
            ],
            [
              {
                "type": "get_attr",
                "value": "primary_access_key"
              }
            ],
            [
              {
                "type": "get_attr",
                "value": "secondary_access_key"
              }
            ]
          ],
          "private": "eyJlMmJmYjczMC1lY2FhLTExZTYtOGY4OC0zNDM2M2JjN2M0YzAiOnsiY3JlYXRlIjozNjAwMDAwMDAwMDAwLCJkZWxldGUiOjM2MDAwMDAwMDAwMDAsInJlYWQiOjMwMDAwMDAwMDAwMCwidXBkYXRlIjozNjAwMDAwMDAwMDAwfSwic2NoZW1hX3ZlcnNpb24iOiI0In0=",
          "dependencies": [
            "azurerm_resource_group.rg-website",
            "module.storage.random_string.random_string"
          ]
        }
      ]
    },
    {
      "module": "module.storage",
      "mode": "managed",
      "type": "azurerm_storage_blob",
      "name": "example",
      "provider": "module.storage.provider[\"registry.terraform.io/hashicorp/azurerm\"]",
      "instances": [
        {
          "schema_version": 1,
          "attributes": {
            "access_tier": "Hot",
            "cache_control": "",
            "content_md5": "",
            "content_type": "application/octet-stream",
            "encryption_scope": "",
            "id": "https://storageaccurul07du7s.blob.core.windows.net/container-urul07du7s/blob-urul07du7s",
            "metadata": {},
            "name": "blob-urul07du7s",
            "parallelism": 8,
            "size": 0,
            "source": null,
            "source_content": null,
            "source_uri": null,
            "storage_account_name": "storageaccurul07du7s",
            "storage_container_name": "container-urul07du7s",
            "timeouts": null,
            "type": "Block",
            "url": "https://storageaccurul07du7s.blob.core.windows.net/container-urul07du7s/blob-urul07du7s"
          },
          "sensitive_attributes": [],
          "private": "eyJlMmJmYjczMC1lY2FhLTExZTYtOGY4OC0zNDM2M2JjN2M0YzAiOnsiY3JlYXRlIjoxODAwMDAwMDAwMDAwLCJkZWxldGUiOjE4MDAwMDAwMDAwMDAsInJlYWQiOjMwMDAwMDAwMDAwMCwidXBkYXRlIjoxODAwMDAwMDAwMDAwfSwic2NoZW1hX3ZlcnNpb24iOiIxIn0=",
          "dependencies": [
            "azurerm_resource_group.rg-website",
            "module.storage.azurerm_storage_account.azurerm_storage_account",
            "module.storage.azurerm_storage_container.azurerm_storage_container",
            "module.storage.random_string.random_string"
          ]
        }
      ]
    },
    {
      "module": "module.storage",
      "mode": "managed",
      "type": "azurerm_storage_container",
      "name": "azurerm_storage_container",
      "provider": "module.storage.provider[\"registry.terraform.io/hashicorp/azurerm\"]",
      "instances": [
        {
          "schema_version": 1,
          "attributes": {
            "container_access_type": "private",
            "default_encryption_scope": "$account-encryption-key",
            "encryption_scope_override_enabled": true,
            "has_immutability_policy": false,
            "has_legal_hold": false,
            "id": "https://storageaccurul07du7s.blob.core.windows.net/container-urul07du7s",
            "metadata": {},
            "name": "container-urul07du7s",
            "resource_manager_id": "/subscriptions/7c064ed9-c59f-4935-938b-f1a654d088a7/resourceGroups/rg-web-hs/providers/Microsoft.Storage/storageAccounts/storageaccurul07du7s/blobServices/default/containers/container-urul07du7s",
            "storage_account_name": "storageaccurul07du7s",
            "timeouts": null
          },
          "sensitive_attributes": [],
          "private": "eyJlMmJmYjczMC1lY2FhLTExZTYtOGY4OC0zNDM2M2JjN2M0YzAiOnsiY3JlYXRlIjoxODAwMDAwMDAwMDAwLCJkZWxldGUiOjE4MDAwMDAwMDAwMDAsInJlYWQiOjMwMDAwMDAwMDAwMCwidXBkYXRlIjoxODAwMDAwMDAwMDAwfSwic2NoZW1hX3ZlcnNpb24iOiIxIn0=",
          "dependencies": [
            "azurerm_resource_group.rg-website",
            "module.storage.azurerm_storage_account.azurerm_storage_account",
            "module.storage.random_string.random_string"
          ]
        }
      ]
    },
    {
      "module": "module.storage",
      "mode": "managed",
      "type": "random_string",
      "name": "random_string",
      "provider": "module.storage.provider[\"registry.terraform.io/hashicorp/random\"]",
      "instances": [
        {
          "schema_version": 2,
          "attributes": {
            "id": "urul07du7s",
            "keepers": null,
            "length": 10,
            "lower": true,
            "min_lower": 0,
            "min_numeric": 0,
            "min_special": 0,
            "min_upper": 0,
            "number": true,
            "numeric": true,
            "override_special": null,
            "result": "urul07du7s",
            "special": false,
            "upper": false
          },
          "sensitive_attributes": []
        }
      ]
    }
  ],
  "check_results": null
}
